
Microsoft Visual Studio Solution File, Format Version 12.00
# Visual Studio 2013
VisualStudioVersion = 12.0.31101.0
MinimumVisualStudioVersion = 10.0.40219.1
Project("{FAE04EC0-301F-11D3-BF4B-00C04F79EFBC}") = "Calendar.Logic", "Calendar.Logic\Calendar.Logic.csproj", "{88AE677E-46E6-4406-BE9F-673C0ED21E4E}"
EndProject
Global
	GlobalSection(SolutionConfigurationPlatforms) = preSolution
		Debug|Any CPU = Debug|Any CPU
		Release|Any CPU = Release|Any CPU
	EndGlobalSection
	GlobalSection(ProjectConfigurationPlatforms) = postSolution
		{88AE677E-46E6-4406-BE9F-673C0ED21E4E}.Debug|Any CPU.ActiveCfg = Debug|Any CPU
		{88AE677E-46E6-4406-BE9F-673C0ED21E4E}.Debug|Any CPU.Build.0 = Debug|Any CPU
		{88AE677E-46E6-4406-BE9F-673C0ED21E4E}.Release|Any CPU.ActiveCfg = Release|Any CPU
		{88AE677E-46E6-4406-BE9F-673C0ED21E4E}.Release|Any CPU.Build.0 = Release|Any CPU
	EndGlobalSection
	GlobalSection(SolutionProperties) = preSolution
		HideSolutionNode = FALSE
	EndGlobalSection
EndGlobal
